
Microsoft Visual Studio Solution File, Format Version 12.00
# Visual Studio 14
VisualStudioVersion = 14.0.24720.0
MinimumVisualStudioVersion = 10.0.40219.1
Project("{FAE04EC0-301F-11D3-BF4B-00C04F79EFBC}") = "logwatch", "logwatch\logwatch.csproj", "{247FF1B7-7C5A-4AC2-B722-5B689BB18511}"
EndProject
Global
	GlobalSection(SolutionConfigurationPlatforms) = preSolution
		Debug|Any CPU = Debug|Any CPU
		Release|Any CPU = Release|Any CPU
	EndGlobalSection
	GlobalSection(ProjectConfigurationPlatforms) = postSolution
		{247FF1B7-7C5A-4AC2-B722-5B689BB18511}.Debug|Any CPU.ActiveCfg = Debug|Any CPU
		{247FF1B7-7C5A-4AC2-B722-5B689BB18511}.Debug|Any CPU.Build.0 = Debug|Any CPU
		{247FF1B7-7C5A-4AC2-B722-5B689BB18511}.Release|Any CPU.ActiveCfg = Release|Any CPU
		{247FF1B7-7C5A-4AC2-B722-5B689BB18511}.Release|Any CPU.Build.0 = Release|Any CPU
	EndGlobalSection
	GlobalSection(SolutionProperties) = preSolution
		HideSolutionNode = FALSE
	EndGlobalSection
EndGlobal
